{
  "name": "@iop-cli/exec",
  "version": "1.0.0",
  "lockfileVersion": 2,
  "requires": true,
  "packages": {
    "": {
      "name": "@iop-cli/exec",
      "version": "1.0.0",
      "license": "ISC",
      "dependencies": {
        "@iop-cli/log": "file:../../utils/log",
        "@iop-cli/package": "file:../../models/package"
      }
    },
    "../../models": {
      "version": "1.0.0",
      "license": "ISC",
      "dependencies": {
        "pkg-dir": "^6.0.1"
      }
    },
    "../../models/package": {
      "name": "@iop-cli/package",
      "version": "1.0.0",
      "license": "ISC",
      "dependencies": {
        "@iop-cli/log": "file:../../utils/log",
        "pkg-dir": "^5.0.0"
      }
    },
    "../../utils/log": {
      "version": "1.0.2",
      "license": "ISC",
      "dependencies": {
        "npmlog": "^6.0.0"
      }
    },
    "node_modules/@iop-cli/log": {
      "resolved": "../../utils/log",
      "link": true
    },
    "node_modules/@iop-cli/package": {
      "resolved": "../../models/package",
      "link": true
    }
  },
  "dependencies": {
    "@iop-cli/log": {
      "version": "file:../../utils/log",
      "requires": {
        "npmlog": "^6.0.0"
      }
    },
    "@iop-cli/package": {
      "version": "file:../../models/package",
      "requires": {
        "@iop-cli/log": "file:../../utils/log",
        "pkg-dir": "^5.0.0"
      }
    }
  }
}
